{
  "lockfileVersion": 1,
  "workspaces": {
    "": {
      "name": "towertrack",
      "dependencies": {
        "@sveltejs/kit": "^2.42.2",
        "argon2": "^0.44.0",
        "leaflet": "^1.9.4",
        "mysql2": "^3.15.0",
        "node-fetch": "^3.3.2",
        "svelte": "^5.39.2",
        "svelte-adapter-bun": "^1.0.0",
        "svelte-kit": "^1.2.0",
        "xml2js": "^0.6.2",
      },
    },
  },
  "trustedDependencies": [
    "svelte-kit",
  ],
  "packages": {
    "@emnapi/core": ["@emnapi/core@1.5.0", "", { "dependencies": { "@emnapi/wasi-threads": "1.1.0", "tslib": "^2.4.0" } }, "sha512-sbP8GzB1WDzacS8fgNPpHlp6C9VZe+SJP3F90W9rLemaQj2PzIuTEl1qDOYQf58YIpyjViI24y9aPWCjEzY2cg=="],

    "@emnapi/runtime": ["@emnapi/runtime@1.5.0", "", { "dependencies": { "tslib": "^2.4.0" } }, "sha512-97/BJ3iXHww3djw6hYIfErCZFee7qCtrneuLa20UXFCOTCfBM2cvQHjWJ2EG0s0MtdNwInarqCTz35i4wWXHsQ=="],

    "@emnapi/wasi-threads": ["@emnapi/wasi-threads@1.1.0", "", { "dependencies": { "tslib": "^2.4.0" } }, "sha512-WI0DdZ8xFSbgMjR1sFsKABJ/C5OnRrjT06JXbZKexJGrDuPTzZdDYfFlsgcCXCyf+suG5QU2e/y1Wo2V/OapLQ=="],

    "@epic-web/invariant": ["@epic-web/invariant@1.0.0", "", {}, "sha512-lrTPqgvfFQtR/eY/qkIzp98OGdNJu0m5ji3q/nJI8v3SXkRKEnWiOxMmbvcSoAIzv/cGiuvRy57k4suKQSAdwA=="],

    "@esbuild/aix-ppc64": ["@esbuild/aix-ppc64@0.25.10", "", { "os": "aix", "cpu": "ppc64" }, "sha512-0NFWnA+7l41irNuaSVlLfgNT12caWJVLzp5eAVhZ0z1qpxbockccEt3s+149rE64VUI3Ml2zt8Nv5JVc4QXTsw=="],

    "@esbuild/android-arm": ["@esbuild/android-arm@0.25.10", "", { "os": "android", "cpu": "arm" }, "sha512-dQAxF1dW1C3zpeCDc5KqIYuZ1tgAdRXNoZP7vkBIRtKZPYe2xVr/d3SkirklCHudW1B45tGiUlz2pUWDfbDD4w=="],

    "@esbuild/android-arm64": ["@esbuild/android-arm64@0.25.10", "", { "os": "android", "cpu": "arm64" }, "sha512-LSQa7eDahypv/VO6WKohZGPSJDq5OVOo3UoFR1E4t4Gj1W7zEQMUhI+lo81H+DtB+kP+tDgBp+M4oNCwp6kffg=="],

    "@esbuild/android-x64": ["@esbuild/android-x64@0.25.10", "", { "os": "android", "cpu": "x64" }, "sha512-MiC9CWdPrfhibcXwr39p9ha1x0lZJ9KaVfvzA0Wxwz9ETX4v5CHfF09bx935nHlhi+MxhA63dKRRQLiVgSUtEg=="],

    "@esbuild/darwin-arm64": ["@esbuild/darwin-arm64@0.25.10", "", { "os": "darwin", "cpu": "arm64" }, "sha512-JC74bdXcQEpW9KkV326WpZZjLguSZ3DfS8wrrvPMHgQOIEIG/sPXEN/V8IssoJhbefLRcRqw6RQH2NnpdprtMA=="],

    "@esbuild/darwin-x64": ["@esbuild/darwin-x64@0.25.10", "", { "os": "darwin", "cpu": "x64" }, "sha512-tguWg1olF6DGqzws97pKZ8G2L7Ig1vjDmGTwcTuYHbuU6TTjJe5FXbgs5C1BBzHbJ2bo1m3WkQDbWO2PvamRcg=="],

    "@esbuild/freebsd-arm64": ["@esbuild/freebsd-arm64@0.25.10", "", { "os": "freebsd", "cpu": "arm64" }, "sha512-3ZioSQSg1HT2N05YxeJWYR+Libe3bREVSdWhEEgExWaDtyFbbXWb49QgPvFH8u03vUPX10JhJPcz7s9t9+boWg=="],

    "@esbuild/freebsd-x64": ["@esbuild/freebsd-x64@0.25.10", "", { "os": "freebsd", "cpu": "x64" }, "sha512-LLgJfHJk014Aa4anGDbh8bmI5Lk+QidDmGzuC2D+vP7mv/GeSN+H39zOf7pN5N8p059FcOfs2bVlrRr4SK9WxA=="],

    "@esbuild/linux-arm": ["@esbuild/linux-arm@0.25.10", "", { "os": "linux", "cpu": "arm" }, "sha512-oR31GtBTFYCqEBALI9r6WxoU/ZofZl962pouZRTEYECvNF/dtXKku8YXcJkhgK/beU+zedXfIzHijSRapJY3vg=="],

    "@esbuild/linux-arm64": ["@esbuild/linux-arm64@0.25.10", "", { "os": "linux", "cpu": "arm64" }, "sha512-5luJWN6YKBsawd5f9i4+c+geYiVEw20FVW5x0v1kEMWNq8UctFjDiMATBxLvmmHA4bf7F6hTRaJgtghFr9iziQ=="],

    "@esbuild/linux-ia32": ["@esbuild/linux-ia32@0.25.10", "", { "os": "linux", "cpu": "ia32" }, "sha512-NrSCx2Kim3EnnWgS4Txn0QGt0Xipoumb6z6sUtl5bOEZIVKhzfyp/Lyw4C1DIYvzeW/5mWYPBFJU3a/8Yr75DQ=="],

    "@esbuild/linux-loong64": ["@esbuild/linux-loong64@0.25.10", "", { "os": "linux", "cpu": "none" }, "sha512-xoSphrd4AZda8+rUDDfD9J6FUMjrkTz8itpTITM4/xgerAZZcFW7Dv+sun7333IfKxGG8gAq+3NbfEMJfiY+Eg=="],

    "@esbuild/linux-mips64el": ["@esbuild/linux-mips64el@0.25.10", "", { "os": "linux", "cpu": "none" }, "sha512-ab6eiuCwoMmYDyTnyptoKkVS3k8fy/1Uvq7Dj5czXI6DF2GqD2ToInBI0SHOp5/X1BdZ26RKc5+qjQNGRBelRA=="],

    "@esbuild/linux-ppc64": ["@esbuild/linux-ppc64@0.25.10", "", { "os": "linux", "cpu": "ppc64" }, "sha512-NLinzzOgZQsGpsTkEbdJTCanwA5/wozN9dSgEl12haXJBzMTpssebuXR42bthOF3z7zXFWH1AmvWunUCkBE4EA=="],

    "@esbuild/linux-riscv64": ["@esbuild/linux-riscv64@0.25.10", "", { "os": "linux", "cpu": "none" }, "sha512-FE557XdZDrtX8NMIeA8LBJX3dC2M8VGXwfrQWU7LB5SLOajfJIxmSdyL/gU1m64Zs9CBKvm4UAuBp5aJ8OgnrA=="],

    "@esbuild/linux-s390x": ["@esbuild/linux-s390x@0.25.10", "", { "os": "linux", "cpu": "s390x" }, "sha512-3BBSbgzuB9ajLoVZk0mGu+EHlBwkusRmeNYdqmznmMc9zGASFjSsxgkNsqmXugpPk00gJ0JNKh/97nxmjctdew=="],

    "@esbuild/linux-x64": ["@esbuild/linux-x64@0.25.10", "", { "os": "linux", "cpu": "x64" }, "sha512-QSX81KhFoZGwenVyPoberggdW1nrQZSvfVDAIUXr3WqLRZGZqWk/P4T8p2SP+de2Sr5HPcvjhcJzEiulKgnxtA=="],

    "@esbuild/netbsd-arm64": ["@esbuild/netbsd-arm64@0.25.10", "", { "os": "none", "cpu": "arm64" }, "sha512-AKQM3gfYfSW8XRk8DdMCzaLUFB15dTrZfnX8WXQoOUpUBQ+NaAFCP1kPS/ykbbGYz7rxn0WS48/81l9hFl3u4A=="],

    "@esbuild/netbsd-x64": ["@esbuild/netbsd-x64@0.25.10", "", { "os": "none", "cpu": "x64" }, "sha512-7RTytDPGU6fek/hWuN9qQpeGPBZFfB4zZgcz2VK2Z5VpdUxEI8JKYsg3JfO0n/Z1E/6l05n0unDCNc4HnhQGig=="],

    "@esbuild/openbsd-arm64": ["@esbuild/openbsd-arm64@0.25.10", "", { "os": "openbsd", "cpu": "arm64" }, "sha512-5Se0VM9Wtq797YFn+dLimf2Zx6McttsH2olUBsDml+lm0GOCRVebRWUvDtkY4BWYv/3NgzS8b/UM3jQNh5hYyw=="],

    "@esbuild/openbsd-x64": ["@esbuild/openbsd-x64@0.25.10", "", { "os": "openbsd", "cpu": "x64" }, "sha512-XkA4frq1TLj4bEMB+2HnI0+4RnjbuGZfet2gs/LNs5Hc7D89ZQBHQ0gL2ND6Lzu1+QVkjp3x1gIcPKzRNP8bXw=="],

    "@esbuild/openharmony-arm64": ["@esbuild/openharmony-arm64@0.25.10", "", { "os": "none", "cpu": "arm64" }, "sha512-AVTSBhTX8Y/Fz6OmIVBip9tJzZEUcY8WLh7I59+upa5/GPhh2/aM6bvOMQySspnCCHvFi79kMtdJS1w0DXAeag=="],

    "@esbuild/sunos-x64": ["@esbuild/sunos-x64@0.25.10", "", { "os": "sunos", "cpu": "x64" }, "sha512-fswk3XT0Uf2pGJmOpDB7yknqhVkJQkAQOcW/ccVOtfx05LkbWOaRAtn5SaqXypeKQra1QaEa841PgrSL9ubSPQ=="],

    "@esbuild/win32-arm64": ["@esbuild/win32-arm64@0.25.10", "", { "os": "win32", "cpu": "arm64" }, "sha512-ah+9b59KDTSfpaCg6VdJoOQvKjI33nTaQr4UluQwW7aEwZQsbMCfTmfEO4VyewOxx4RaDT/xCy9ra2GPWmO7Kw=="],

    "@esbuild/win32-ia32": ["@esbuild/win32-ia32@0.25.10", "", { "os": "win32", "cpu": "ia32" }, "sha512-QHPDbKkrGO8/cz9LKVnJU22HOi4pxZnZhhA2HYHez5Pz4JeffhDjf85E57Oyco163GnzNCVkZK0b/n4Y0UHcSw=="],

    "@esbuild/win32-x64": ["@esbuild/win32-x64@0.25.10", "", { "os": "win32", "cpu": "x64" }, "sha512-9KpxSVFCu0iK1owoez6aC/s/EdUQLDN3adTxGCqxMVhrPDj6bt5dbrHDXUuq+Bs2vATFBBrQS5vdQ/Ed2P+nbw=="],

    "@jridgewell/gen-mapping": ["@jridgewell/gen-mapping@0.3.13", "", { "dependencies": { "@jridgewell/sourcemap-codec": "^1.5.0", "@jridgewell/trace-mapping": "^0.3.24" } }, "sha512-2kkt/7niJ6MgEPxF0bYdQ6etZaA+fQvDcLKckhy1yIQOzaoKjBBjSj63/aLVjYE3qhRt5dvM+uUyfCg6UKCBbA=="],

    "@jridgewell/remapping": ["@jridgewell/remapping@2.3.5", "", { "dependencies": { "@jridgewell/gen-mapping": "^0.3.5", "@jridgewell/trace-mapping": "^0.3.24" } }, "sha512-LI9u/+laYG4Ds1TDKSJW2YPrIlcVYOwi2fUC6xB43lueCjgxV4lffOCZCtYFiH6TNOX+tQKXx97T4IKHbhyHEQ=="],

    "@jridgewell/resolve-uri": ["@jridgewell/resolve-uri@3.1.2", "", {}, "sha512-bRISgCIjP20/tbWSPWMEi54QVPRZExkuD9lJL+UIxUKtwVJA8wW1Trb1jMs1RFXo1CBTNZ/5hpC9QvmKWdopKw=="],

    "@jridgewell/sourcemap-codec": ["@jridgewell/sourcemap-codec@1.5.5", "", {}, "sha512-cYQ9310grqxueWbl+WuIUIaiUaDcj7WOq5fVhEljNVgRfOUhY9fy2zTvfoqWsnebh8Sl70VScFbICvJnLKB0Og=="],

    "@jridgewell/trace-mapping": ["@jridgewell/trace-mapping@0.3.31", "", { "dependencies": { "@jridgewell/resolve-uri": "^3.1.0", "@jridgewell/sourcemap-codec": "^1.4.14" } }, "sha512-zzNR+SdQSDJzc8joaeP8QQoCQr8NuYx2dIIytl1QeBEZHJ9uW6hebsrYgbz8hJwUQao3TWCMtmfV8Nu1twOLAw=="],

    "@napi-rs/wasm-runtime": ["@napi-rs/wasm-runtime@0.2.12", "", { "dependencies": { "@emnapi/core": "^1.4.3", "@emnapi/runtime": "^1.4.3", "@tybys/wasm-util": "^0.10.0" } }, "sha512-ZVWUcfwY4E/yPitQJl481FjFo3K22D6qF0DuFH6Y/nbnE11GY5uguDxZMGXPQ8WQ0128MXQD7TnfHyK4oWoIJQ=="],

    "@oxc-project/runtime": ["@oxc-project/runtime@0.71.0", "", {}, "sha512-QwoF5WUXIGFQ+hSxWEib4U/aeLoiDN9JlP18MnBgx9LLPRDfn1iICtcow7Jgey6HLH4XFceWXQD5WBJ39dyJcw=="],

    "@oxc-project/types": ["@oxc-project/types@0.71.0", "", {}, "sha512-5CwQ4MI+P4MQbjLWXgNurA+igGwu/opNetIE13LBs9+V93R64MLvDKOOLZIXSzEfovU3Zef3q3GjPnMTgJTn2w=="],

    "@phc/format": ["@phc/format@1.0.0", "", {}, "sha512-m7X9U6BG2+J+R1lSOdCiITLLrxm+cWlNI3HUFA92oLO77ObGNzaKdh8pMLqdZcshtkKuV84olNNXDfMc4FezBQ=="],

    "@polka/url": ["@polka/url@1.0.0-next.29", "", {}, "sha512-wwQAWhWSuHaag8c4q/KN/vCoeOJYshAIvMQwD4GpSb3OiZklFfvAgmj0VCBBImRpuF/aFgIRzllXlVX93Jevww=="],

    "@rolldown/binding-darwin-arm64": ["@rolldown/binding-darwin-arm64@1.0.0-beta.9-commit.d91dfb5", "", { "os": "darwin", "cpu": "arm64" }, "sha512-Mp0/gqiPdepHjjVm7e0yL1acWvI0rJVVFQEADSezvAjon9sjQ7CEg9JnXICD4B1YrPmN9qV/e7cQZCp87tTV4w=="],

    "@rolldown/binding-darwin-x64": ["@rolldown/binding-darwin-x64@1.0.0-beta.9-commit.d91dfb5", "", { "os": "darwin", "cpu": "x64" }, "sha512-40re4rMNrsi57oavRzIOpRGmg3QRlW6Ea8Q3znaqgOuJuKVrrm2bIQInTfkZJG7a4/5YMX7T951d0+toGLTdCA=="],

    "@rolldown/binding-freebsd-x64": ["@rolldown/binding-freebsd-x64@1.0.0-beta.9-commit.d91dfb5", "", { "os": "freebsd", "cpu": "x64" }, "sha512-8BDM939bbMariZupiHp3OmP5N+LXPT4mULA0hZjDaq970PCxv4krZOSMG+HkWUUwmuQROtV+/00xw39EO0P+8g=="],

    "@rolldown/binding-linux-arm-gnueabihf": ["@rolldown/binding-linux-arm-gnueabihf@1.0.0-beta.9-commit.d91dfb5", "", { "os": "linux", "cpu": "arm" }, "sha512-sntsPaPgrECpBB/+2xrQzVUt0r493TMPI+4kWRMhvMsmrxOqH1Ep5lM0Wua/ZdbfZNwm1aVa5pcESQfNfM4Fhw=="],

    "@rolldown/binding-linux-arm64-gnu": ["@rolldown/binding-linux-arm64-gnu@1.0.0-beta.9-commit.d91dfb5", "", { "os": "linux", "cpu": "arm64" }, "sha512-5clBW/I+er9F2uM1OFjJFWX86y7Lcy0M+NqsN4s3o07W+8467Zk8oQa4B45vdaXoNUF/yqIAgKkA/OEdQDxZqA=="],

    "@rolldown/binding-linux-arm64-musl": ["@rolldown/binding-linux-arm64-musl@1.0.0-beta.9-commit.d91dfb5", "", { "os": "linux", "cpu": "arm64" }, "sha512-wv+rnAfQDk9p/CheX8/Kmqk2o1WaFa4xhWI9gOyDMk/ljvOX0u0ubeM8nI1Qfox7Tnh71eV5AjzSePXUhFOyOg=="],

    "@rolldown/binding-linux-x64-gnu": ["@rolldown/binding-linux-x64-gnu@1.0.0-beta.9-commit.d91dfb5", "", { "os": "linux", "cpu": "x64" }, "sha512-gxD0/xhU4Py47IH3bKZbWtvB99tMkUPGPJFRfSc5UB9Osoje0l0j1PPbxpUtXIELurYCqwLBKXIMTQGifox1BQ=="],

    "@rolldown/binding-linux-x64-musl": ["@rolldown/binding-linux-x64-musl@1.0.0-beta.9-commit.d91dfb5", "", { "os": "linux", "cpu": "x64" }, "sha512-HotuVe3XUjDwqqEMbm3o3IRkP9gdm8raY/btd/6KE3JGLF/cv4+3ff1l6nOhAZI8wulWDPEXPtE7v+HQEaTXnA=="],

    "@rolldown/binding-wasm32-wasi": ["@rolldown/binding-wasm32-wasi@1.0.0-beta.9-commit.d91dfb5", "", { "dependencies": { "@napi-rs/wasm-runtime": "^0.2.4" }, "cpu": "none" }, "sha512-8Cx+ucbd8n2dIr21FqBh6rUvTVL0uTgEtKR7l+MUZ5BgY4dFh1e4mPVX8oqmoYwOxBiXrsD2JIOCz4AyKLKxWA=="],

    "@rolldown/binding-win32-arm64-msvc": ["@rolldown/binding-win32-arm64-msvc@1.0.0-beta.9-commit.d91dfb5", "", { "os": "win32", "cpu": "arm64" }, "sha512-Vhq5vikrVDxAa75fxsyqj0c0Y/uti/TwshXI71Xb8IeUQJOBnmLUsn5dgYf5ljpYYkNa0z9BPAvUDIDMmyDi+w=="],

    "@rolldown/binding-win32-ia32-msvc": ["@rolldown/binding-win32-ia32-msvc@1.0.0-beta.9-commit.d91dfb5", "", { "os": "win32", "cpu": "ia32" }, "sha512-lN7RIg9Iugn08zP2aZN9y/MIdG8iOOCE93M1UrFlrxMTqPf8X+fDzmR/OKhTSd1A2pYNipZHjyTcb5H8kyQSow=="],

    "@rolldown/binding-win32-x64-msvc": ["@rolldown/binding-win32-x64-msvc@1.0.0-beta.9-commit.d91dfb5", "", { "os": "win32", "cpu": "x64" }, "sha512-7/7cLIn48Y+EpQ4CePvf8reFl63F15yPUlg4ZAhl+RXJIfydkdak1WD8Ir3AwAO+bJBXzrfNL+XQbxm0mcQZmw=="],

    "@rolldown/pluginutils": ["@rolldown/pluginutils@1.0.0-beta.9-commit.d91dfb5", "", {}, "sha512-8sExkWRK+zVybw3+2/kBkYBFeLnEUWz1fT7BLHplpzmtqkOfTbAQ9gkt4pzwGIIZmg4Qn5US5ACjUBenrhezwQ=="],

    "@rollup/rollup-android-arm-eabi": ["@rollup/rollup-android-arm-eabi@4.51.0", "", { "os": "android", "cpu": "arm" }, "sha512-VyfldO8T/C5vAXBGIobrAnUE+VJNVLw5z9h4NgSDq/AJZWt/fXqdW+0PJbk+M74xz7yMDRiHtlsuDV7ew6K20w=="],

    "@rollup/rollup-android-arm64": ["@rollup/rollup-android-arm64@4.51.0", "", { "os": "android", "cpu": "arm64" }, "sha512-Z3ujzDZgsEVSokgIhmOAReh9SGT2qloJJX2Xo1Q3nPU1EhCXrV0PbpR3r7DWRgozqnjrPZQkLe5cgBPIYp70Vg=="],

    "@rollup/rollup-darwin-arm64": ["@rollup/rollup-darwin-arm64@4.51.0", "", { "os": "darwin", "cpu": "arm64" }, "sha512-T3gskHgArUdR6TCN69li5VELVAZK+iQ4iwMoSMNYixoj+56EC9lTj35rcxhXzIJt40YfBkvDy3GS+t5zh7zM6g=="],

    "@rollup/rollup-darwin-x64": ["@rollup/rollup-darwin-x64@4.51.0", "", { "os": "darwin", "cpu": "x64" }, "sha512-Hh7n/fh0g5UjH6ATDF56Qdf5bzdLZKIbhp5KftjMYG546Ocjeyg15dxphCpH1FFY2PJ2G6MiOVL4jMq5VLTyrQ=="],

    "@rollup/rollup-freebsd-arm64": ["@rollup/rollup-freebsd-arm64@4.51.0", "", { "os": "freebsd", "cpu": "arm64" }, "sha512-0EddADb6FBvfqYoxwVom3hAbAvpSVUbZqmR1wmjk0MSZ06hn/UxxGHKRqEQDMkts7XiZjejVB+TLF28cDTU+gA=="],

    "@rollup/rollup-freebsd-x64": ["@rollup/rollup-freebsd-x64@4.51.0", "", { "os": "freebsd", "cpu": "x64" }, "sha512-MpqaEDLo3JuVPF+wWV4mK7V8akL76WCz8ndfz1aVB7RhvXFO3k7yT7eu8OEuog4VTSyNu5ibvN9n6lgjq/qLEQ=="],

    "@rollup/rollup-linux-arm-gnueabihf": ["@rollup/rollup-linux-arm-gnueabihf@4.51.0", "", { "os": "linux", "cpu": "arm" }, "sha512-WEWAGFNFFpvSWAIT3MYvxTkYHv/cJl9yWKpjhheg7ONfB0hetZt/uwBnM3GZqSHrk5bXCDYTFXg3jQyk/j7eXQ=="],

    "@rollup/rollup-linux-arm-musleabihf": ["@rollup/rollup-linux-arm-musleabihf@4.51.0", "", { "os": "linux", "cpu": "arm" }, "sha512-9bxtxj8QoAp++LOq5PGDGkEEOpCDk9rOEHUcXadnijedDH8IXrBt6PnBa4Y6NblvGWdoxvXZYghZLaliTCmAng=="],

    "@rollup/rollup-linux-arm64-gnu": ["@rollup/rollup-linux-arm64-gnu@4.51.0", "", { "os": "linux", "cpu": "arm64" }, "sha512-DdqA+fARqIsfqDYkKo2nrWMp0kvu/wPJ2G8lZ4DjYhn+8QhrjVuzmsh7tTkhULwjvHTN59nWVzAixmOi6rqjNA=="],

    "@rollup/rollup-linux-arm64-musl": ["@rollup/rollup-linux-arm64-musl@4.51.0", "", { "os": "linux", "cpu": "arm64" }, "sha512-2XVRNzcUJE1UJua8P4a1GXS5jafFWE+pQ6zhUbZzptOu/70p1F6+0FTi6aGPd6jNtnJqGMjtBCXancC2dhYlWw=="],

    "@rollup/rollup-linux-loong64-gnu": ["@rollup/rollup-linux-loong64-gnu@4.51.0", "", { "os": "linux", "cpu": "none" }, "sha512-R8QhY0kLIPCAVXWi2yftDSpn7Jtejey/WhMoBESSfwGec5SKdFVupjxFlKoQ7clVRuaDpiQf7wNx3EBZf4Ey6g=="],

    "@rollup/rollup-linux-ppc64-gnu": ["@rollup/rollup-linux-ppc64-gnu@4.51.0", "", { "os": "linux", "cpu": "ppc64" }, "sha512-I498RPfxx9cMv1KTHQ9tg2Ku1utuQm+T5B+Xro+WNu3FzAFSKp4awKfgMoZwjoPgNbaFGINaOM25cQW6WuBhiQ=="],

    "@rollup/rollup-linux-riscv64-gnu": ["@rollup/rollup-linux-riscv64-gnu@4.51.0", "", { "os": "linux", "cpu": "none" }, "sha512-o8COudsb8lvtdm9ixg9aKjfX5aeoc2x9KGE7WjtrmQFquoCRZ9jtzGlonujE4WhvXFepTraWzT4RcwyDDeHXjA=="],

    "@rollup/rollup-linux-riscv64-musl": ["@rollup/rollup-linux-riscv64-musl@4.51.0", "", { "os": "linux", "cpu": "none" }, "sha512-0shJPgSXMdYzOQzpM5BJN2euXY1f8uV8mS6AnrbMcH2KrkNsbpMxWB1wp8UEdiJ1NtyBkCk3U/HfX5mEONBq6w=="],

    "@rollup/rollup-linux-s390x-gnu": ["@rollup/rollup-linux-s390x-gnu@4.51.0", "", { "os": "linux", "cpu": "s390x" }, "sha512-L7pV+ny7865jamSCQwyozBYjFRUKaTsPqDz7ClOtJCDu4paf2uAa0mrcHwSt4XxZP2ogFZS9uuitH3NXdeBEJA=="],

    "@rollup/rollup-linux-x64-gnu": ["@rollup/rollup-linux-x64-gnu@4.51.0", "", { "os": "linux", "cpu": "x64" }, "sha512-4YHhP+Rv3T3+H3TPbUvWOw5tuSwhrVhkHHZhk4hC9VXeAOKR26/IsUAT4FsB4mT+kfIdxxb1BezQDEg/voPO8A=="],

    "@rollup/rollup-linux-x64-musl": ["@rollup/rollup-linux-x64-musl@4.51.0", "", { "os": "linux", "cpu": "x64" }, "sha512-P7U7U03+E5w7WgJtvSseNLOX1UhknVPmEaqgUENFWfNxNBa1OhExT6qYGmyF8gepcxWSaSfJsAV5UwhWrYefdQ=="],

    "@rollup/rollup-openharmony-arm64": ["@rollup/rollup-openharmony-arm64@4.51.0", "", { "os": "none", "cpu": "arm64" }, "sha512-FuD8g3u9W6RPwdO1R45hZFORwa1g9YXEMesAKP/sOi7mDqxjbni8S3zAXJiDcRfGfGBqpRYVuH54Gu3FTuSoEw=="],

    "@rollup/rollup-win32-arm64-msvc": ["@rollup/rollup-win32-arm64-msvc@4.51.0", "", { "os": "win32", "cpu": "arm64" }, "sha512-zST+FdMCX3QAYfmZX3dp/Fy8qLUetfE17QN5ZmmFGPrhl86qvRr+E9u2bk7fzkIXsfQR30Z7ZRS7WMryPPn4rQ=="],

    "@rollup/rollup-win32-ia32-msvc": ["@rollup/rollup-win32-ia32-msvc@4.51.0", "", { "os": "win32", "cpu": "ia32" }, "sha512-U+qhoCVAZmTHCmUKxdQxw1jwAFNFXmOpMME7Npt5GTb1W/7itfgAgNluVOvyeuSeqW+dEQLFuNZF3YZPO8XkMg=="],

    "@rollup/rollup-win32-x64-msvc": ["@rollup/rollup-win32-x64-msvc@4.51.0", "", { "os": "win32", "cpu": "x64" }, "sha512-z6UpFzMhXSD8NNUfCi2HO+pbpSzSWIIPgb1TZsEZjmZYtk6RUIC63JYjlFBwbBZS3jt3f1q6IGfkj3g+GnBt2Q=="],

    "@standard-schema/spec": ["@standard-schema/spec@1.0.0", "", {}, "sha512-m2bOd0f2RT9k8QJx1JN85cZYyH1RqFBdlwtkSlf4tBDYLCiiZnv1fIIwacK6cqwXavOydf0NPToMQgpKq+dVlA=="],

    "@sveltejs/acorn-typescript": ["@sveltejs/acorn-typescript@1.0.5", "", { "peerDependencies": { "acorn": "^8.9.0" } }, "sha512-IwQk4yfwLdibDlrXVE04jTZYlLnwsTT2PIOQQGNLWfjavGifnk1JD1LcZjZaBTRcxZu2FfPfNLOE04DSu9lqtQ=="],

    "@sveltejs/kit": ["@sveltejs/kit@2.42.2", "", { "dependencies": { "@standard-schema/spec": "^1.0.0", "@sveltejs/acorn-typescript": "^1.0.5", "@types/cookie": "^0.6.0", "acorn": "^8.14.1", "cookie": "^0.6.0", "devalue": "^5.3.2", "esm-env": "^1.2.2", "kleur": "^4.1.5", "magic-string": "^0.30.5", "mrmime": "^2.0.0", "sade": "^1.8.1", "set-cookie-parser": "^2.6.0", "sirv": "^3.0.0" }, "peerDependencies": { "@opentelemetry/api": "^1.0.0", "@sveltejs/vite-plugin-svelte": "^3.0.0 || ^4.0.0-next.1 || ^5.0.0 || ^6.0.0-next.0", "svelte": "^4.0.0 || ^5.0.0-next.0", "vite": "^5.0.3 || ^6.0.0 || ^7.0.0-beta.0" }, "optionalPeers": ["@opentelemetry/api"], "bin": { "svelte-kit": "svelte-kit.js" } }, "sha512-FcNICFvlSYjPiAgk8BpqTEnXkaUj6I6wDwpQBxKMpsYhUc2Q5STgsVpXOG5LqwFpUAoLAXQ4wdWul7EcAG67JQ=="],

    "@sveltejs/vite-plugin-svelte": ["@sveltejs/vite-plugin-svelte@6.2.0", "", { "dependencies": { "@sveltejs/vite-plugin-svelte-inspector": "^5.0.0", "debug": "^4.4.1", "deepmerge": "^4.3.1", "magic-string": "^0.30.17", "vitefu": "^1.1.1" }, "peerDependencies": { "svelte": "^5.0.0", "vite": "^6.3.0 || ^7.0.0" } }, "sha512-nJsV36+o7rZUDlrnSduMNl11+RoDE1cKqOI0yUEBCcqFoAZOk47TwD3dPKS2WmRutke9StXnzsPBslY7prDM9w=="],

    "@sveltejs/vite-plugin-svelte-inspector": ["@sveltejs/vite-plugin-svelte-inspector@5.0.1", "", { "dependencies": { "debug": "^4.4.1" }, "peerDependencies": { "@sveltejs/vite-plugin-svelte": "^6.0.0-next.0", "svelte": "^5.0.0", "vite": "^6.3.0 || ^7.0.0" } }, "sha512-ubWshlMk4bc8mkwWbg6vNvCeT7lGQojE3ijDh3QTR6Zr/R+GXxsGbyH4PExEPpiFmqPhYiVSVmHBjUcVc1JIrA=="],

    "@tybys/wasm-util": ["@tybys/wasm-util@0.10.1", "", { "dependencies": { "tslib": "^2.4.0" } }, "sha512-9tTaPJLSiejZKx+Bmog4uSubteqTvFrVrURwkmHixBo0G4seD0zUxp98E1DzUBJxLQ3NPwXrGKDiVjwx/DpPsg=="],

    "@types/cookie": ["@types/cookie@0.6.0", "", {}, "sha512-4Kh9a6B2bQciAhf7FSuMRRkUWecJgJu9nPnx3yzpsfXX/c50REIqpHY4C82bXP90qrLtXtkDxTZosYO3UpOwlA=="],

    "@types/estree": ["@types/estree@1.0.8", "", {}, "sha512-dWHzHa2WqEXI/O1E9OjrocMTKJl2mSrEolh1Iomrv6U+JuNwaHXsXx9bLu5gG7BUWFIN0skIQJQ/L1rIex4X6w=="],

    "acorn": ["acorn@8.15.0", "", { "bin": { "acorn": "bin/acorn" } }, "sha512-NZyJarBfL7nWwIq+FDL6Zp/yHEhePMNnnJ0y3qfieCrmNvYct8uvtiV41UvlSe6apAfk0fY1FbWx+NwfmpvtTg=="],

    "ansis": ["ansis@4.1.0", "", {}, "sha512-BGcItUBWSMRgOCe+SVZJ+S7yTRG0eGt9cXAHev72yuGcY23hnLA7Bky5L/xLyPINoSN95geovfBkqoTlNZYa7w=="],

    "argon2": ["argon2@0.44.0", "", { "dependencies": { "@phc/format": "^1.0.0", "cross-env": "^10.0.0", "node-addon-api": "^8.5.0", "node-gyp-build": "^4.8.4" } }, "sha512-zHPGN3S55sihSQo0dBbK0A5qpi2R31z7HZDZnry3ifOyj8bZZnpZND2gpmhnRGO1V/d555RwBqIK5W4Mrmv3ig=="],

    "aria-query": ["aria-query@5.3.2", "", {}, "sha512-COROpnaoap1E2F000S62r6A60uHZnmlvomhfyT2DlTcrY1OrBKn2UhH7qn5wTC9zMvD0AY7csdPSNwKP+7WiQw=="],

    "aws-ssl-profiles": ["aws-ssl-profiles@1.1.2", "", {}, "sha512-NZKeq9AfyQvEeNlN0zSYAaWrmBffJh3IELMZfRpJVWgrpEbtEpnjvzqBPf+mxoI287JohRDoa+/nsfqqiZmF6g=="],

    "axobject-query": ["axobject-query@4.1.0", "", {}, "sha512-qIj0G9wZbMGNLjLmg1PT6v2mE9AH2zlnADJD/2tC6E00hgmhUOfEB6greHPAfLRSufHqROIUTkw6E+M3lH0PTQ=="],

    "clsx": ["clsx@2.1.1", "", {}, "sha512-eYm0QWBtUrBWZWG0d386OGAw16Z995PiOVo2B7bjWSbHedGl5e0ZWaq65kOGgUSNesEIDkB9ISbTg/JK9dhCZA=="],

    "cookie": ["cookie@0.6.0", "", {}, "sha512-U71cyTamuh1CRNCfpGY6to28lxvNwPG4Guz/EVjgf3Jmzv0vlDp1atT9eS5dDjMYHucpHbWns6Lwf3BKz6svdw=="],

    "cross-env": ["cross-env@10.0.0", "", { "dependencies": { "@epic-web/invariant": "^1.0.0", "cross-spawn": "^7.0.6" }, "bin": { "cross-env": "dist/bin/cross-env.js", "cross-env-shell": "dist/bin/cross-env-shell.js" } }, "sha512-aU8qlEK/nHYtVuN4p7UQgAwVljzMg8hB4YK5ThRqD2l/ziSnryncPNn7bMLt5cFYsKVKBh8HqLqyCoTupEUu7Q=="],

    "cross-spawn": ["cross-spawn@7.0.6", "", { "dependencies": { "path-key": "^3.1.0", "shebang-command": "^2.0.0", "which": "^2.0.1" } }, "sha512-uV2QOWP2nWzsy2aMp8aRibhi9dlzF5Hgh5SHaB9OiTGEyDTiJJyx0uy51QXdyWbtAHNua4XJzUKca3OzKUd3vA=="],

    "data-uri-to-buffer": ["data-uri-to-buffer@4.0.1", "", {}, "sha512-0R9ikRb668HB7QDxT1vkpuUBtqc53YyAwMwGeUFKRojY/NWKvdZ+9UYtRfGmhqNbRkTSVpMbmyhXipFFv2cb/A=="],

    "debug": ["debug@4.4.3", "", { "dependencies": { "ms": "^2.1.3" } }, "sha512-RGwwWnwQvkVfavKVt22FGLw+xYSdzARwm0ru6DhTVA3umU5hZc28V3kO4stgYryrTlLpuvgI9GiijltAjNbcqA=="],

    "deepmerge": ["deepmerge@4.3.1", "", {}, "sha512-3sUqbMEc77XqpdNO7FRyRog+eW3ph+GYCbj+rK+uYyRMuwsVy0rMiVtPn+QJlKFvWP/1PYpapqYn0Me2knFn+A=="],

    "denque": ["denque@2.1.0", "", {}, "sha512-HVQE3AAb/pxF8fQAoiqpvg9i3evqug3hoiwakOyZAwJm+6vZehbkYXZ0l4JxS+I3QxM97v5aaRNhj8v5oBhekw=="],

    "devalue": ["devalue@5.3.2", "", {}, "sha512-UDsjUbpQn9kvm68slnrs+mfxwFkIflOhkanmyabZ8zOYk8SMEIbJ3TK+88g70hSIeytu4y18f0z/hYHMTrXIWw=="],

    "esbuild": ["esbuild@0.25.10", "", { "optionalDependencies": { "@esbuild/aix-ppc64": "0.25.10", "@esbuild/android-arm": "0.25.10", "@esbuild/android-arm64": "0.25.10", "@esbuild/android-x64": "0.25.10", "@esbuild/darwin-arm64": "0.25.10", "@esbuild/darwin-x64": "0.25.10", "@esbuild/freebsd-arm64": "0.25.10", "@esbuild/freebsd-x64": "0.25.10", "@esbuild/linux-arm": "0.25.10", "@esbuild/linux-arm64": "0.25.10", "@esbuild/linux-ia32": "0.25.10", "@esbuild/linux-loong64": "0.25.10", "@esbuild/linux-mips64el": "0.25.10", "@esbuild/linux-ppc64": "0.25.10", "@esbuild/linux-riscv64": "0.25.10", "@esbuild/linux-s390x": "0.25.10", "@esbuild/linux-x64": "0.25.10", "@esbuild/netbsd-arm64": "0.25.10", "@esbuild/netbsd-x64": "0.25.10", "@esbuild/openbsd-arm64": "0.25.10", "@esbuild/openbsd-x64": "0.25.10", "@esbuild/openharmony-arm64": "0.25.10", "@esbuild/sunos-x64": "0.25.10", "@esbuild/win32-arm64": "0.25.10", "@esbuild/win32-ia32": "0.25.10", "@esbuild/win32-x64": "0.25.10" }, "bin": { "esbuild": "bin/esbuild" } }, "sha512-9RiGKvCwaqxO2owP61uQ4BgNborAQskMR6QusfWzQqv7AZOg5oGehdY2pRJMTKuwxd1IDBP4rSbI5lHzU7SMsQ=="],

    "esm-env": ["esm-env@1.2.2", "", {}, "sha512-Epxrv+Nr/CaL4ZcFGPJIYLWFom+YeV1DqMLHJoEd9SYRxNbaFruBwfEX/kkHUJf55j2+TUbmDcmuilbP1TmXHA=="],

    "esrap": ["esrap@2.1.0", "", { "dependencies": { "@jridgewell/sourcemap-codec": "^1.4.15" } }, "sha512-yzmPNpl7TBbMRC5Lj2JlJZNPml0tzqoqP5B1JXycNUwtqma9AKCO0M2wHrdgsHcy1WRW7S9rJknAMtByg3usgA=="],

    "fdir": ["fdir@6.5.0", "", { "peerDependencies": { "picomatch": "^3 || ^4" }, "optionalPeers": ["picomatch"] }, "sha512-tIbYtZbucOs0BRGqPJkshJUYdL+SDH7dVM8gjy+ERp3WAUjLEFJE+02kanyHtwjWOnwrKYBiwAmM0p4kLJAnXg=="],

    "fetch-blob": ["fetch-blob@3.2.0", "", { "dependencies": { "node-domexception": "^1.0.0", "web-streams-polyfill": "^3.0.3" } }, "sha512-7yAQpD2UMJzLi1Dqv7qFYnPbaPx7ZfFK6PiIxQ4PfkGPyNyl2Ugx+a/umUonmKqjhM4DnfbMvdX6otXq83soQQ=="],

    "formdata-polyfill": ["formdata-polyfill@4.0.10", "", { "dependencies": { "fetch-blob": "^3.1.2" } }, "sha512-buewHzMvYL29jdeQTVILecSaZKnt/RJWjoZCF5OW60Z67/GmSLBkOFM7qh1PI3zFNtJbaZL5eQu1vLfazOwj4g=="],

    "fsevents": ["fsevents@2.3.3", "", { "os": "darwin" }, "sha512-5xoDfX+fL7faATnagmWPpbFtwh/R77WmMMqqHGS65C3vvB0YHrgF+B1YmZ3441tMj5n63k0212XNoJwzlhffQw=="],

    "generate-function": ["generate-function@2.3.1", "", { "dependencies": { "is-property": "^1.0.2" } }, "sha512-eeB5GfMNeevm/GRYq20ShmsaGcmI81kIX2K9XQx5miC8KdHaC6Jm0qQ8ZNeGOi7wYB8OsdxKs+Y2oVuTFuVwKQ=="],

    "iconv-lite": ["iconv-lite@0.7.0", "", { "dependencies": { "safer-buffer": ">= 2.1.2 < 3.0.0" } }, "sha512-cf6L2Ds3h57VVmkZe+Pn+5APsT7FpqJtEhhieDCvrE2MK5Qk9MyffgQyuxQTm6BChfeZNtcOLHp9IcWRVcIcBQ=="],

    "is-property": ["is-property@1.0.2", "", {}, "sha512-Ks/IoX00TtClbGQr4TWXemAnktAQvYB7HzcCxDGqEZU6oCmb2INHuOoKxbtR+HFkmYWBKv/dOZtGRiAjDhj92g=="],

    "is-reference": ["is-reference@3.0.3", "", { "dependencies": { "@types/estree": "^1.0.6" } }, "sha512-ixkJoqQvAP88E6wLydLGGqCJsrFUnqoH6HnaczB8XmDH1oaWU+xxdptvikTgaEhtZ53Ky6YXiBuUI2WXLMCwjw=="],

    "isexe": ["isexe@2.0.0", "", {}, "sha512-RHxMLp9lnKHGHRng9QFhRCMbYAcVpn69smSGcq3f36xjgVVWThj4qqLbTLlq7Ssj8B+fIQ1EuCEGI2lKsyQeIw=="],

    "kleur": ["kleur@4.1.5", "", {}, "sha512-o+NO+8WrRiQEE4/7nwRJhN1HWpVmJm511pBHUxPLtp0BUISzlBplORYSmTclCnJvQq2tKu/sgl3xVpkc7ZWuQQ=="],

    "leaflet": ["leaflet@1.9.4", "", {}, "sha512-nxS1ynzJOmOlHp+iL3FyWqK89GtNL8U8rvlMOsQdTTssxZwCXh8N2NB3GDQOL+YR3XnWyZAxwQixURb+FA74PA=="],

    "locate-character": ["locate-character@3.0.0", "", {}, "sha512-SW13ws7BjaeJ6p7Q6CO2nchbYEc3X3J6WrmTTDto7yMPqVSZTUyY5Tjbid+Ab8gLnATtygYtiDIJGQRRn2ZOiA=="],

    "long": ["long@5.3.2", "", {}, "sha512-mNAgZ1GmyNhD7AuqnTG3/VQ26o760+ZYBPKjPvugO8+nLbYfX6TVpJPseBvopbdY+qpZ/lKUnmEc1LeZYS3QAA=="],

    "lru-cache": ["lru-cache@7.18.3", "", {}, "sha512-jumlc0BIUrS3qJGgIkWZsyfAM7NCWiBcCDhnd+3NNM5KbBmLTgHVfWBcg6W+rLUsIpzpERPsvwUP7CckAQSOoA=="],

    "lru.min": ["lru.min@1.1.2", "", {}, "sha512-Nv9KddBcQSlQopmBHXSsZVY5xsdlZkdH/Iey0BlcBYggMd4two7cZnKOK9vmy3nY0O5RGH99z1PCeTpPqszUYg=="],

    "magic-string": ["magic-string@0.30.19", "", { "dependencies": { "@jridgewell/sourcemap-codec": "^1.5.5" } }, "sha512-2N21sPY9Ws53PZvsEpVtNuSW+ScYbQdp4b9qUaL+9QkHUrGFKo56Lg9Emg5s9V/qrtNBmiR01sYhUOwu3H+VOw=="],

    "mri": ["mri@1.2.0", "", {}, "sha512-tzzskb3bG8LvYGFF/mDTpq3jpI6Q9wc3LEmBaghu+DdCssd1FakN7Bc0hVNmEyGq1bq3RgfkCb3cmQLpNPOroA=="],

    "mrmime": ["mrmime@2.0.1", "", {}, "sha512-Y3wQdFg2Va6etvQ5I82yUhGdsKrcYox6p7FfL1LbK2J4V01F9TGlepTIhnK24t7koZibmg82KGglhA1XK5IsLQ=="],

    "ms": ["ms@2.1.3", "", {}, "sha512-6FlzubTLZG3J2a/NVCAleEhjzq5oxgHyaCU9yYXvcLsvoVaHJq/s5xXI6/XXP6tz7R9xAOtHnSO/tXtF3WRTlA=="],

    "mysql2": ["mysql2@3.15.0", "", { "dependencies": { "aws-ssl-profiles": "^1.1.1", "denque": "^2.1.0", "generate-function": "^2.3.1", "iconv-lite": "^0.7.0", "long": "^5.2.1", "lru.min": "^1.0.0", "named-placeholders": "^1.1.3", "seq-queue": "^0.0.5", "sqlstring": "^2.3.2" } }, "sha512-tT6pomf5Z/I7Jzxu8sScgrYBMK9bUFWd7Kbo6Fs1L0M13OOIJ/ZobGKS3Z7tQ8Re4lj+LnLXIQVZZxa3fhYKzA=="],

    "named-placeholders": ["named-placeholders@1.1.3", "", { "dependencies": { "lru-cache": "^7.14.1" } }, "sha512-eLoBxg6wE/rZkJPhU/xRX1WTpkFEwDJEN96oxFrTsqBdbT5ec295Q+CoHrL9IT0DipqKhmGcaZmwOt8OON5x1w=="],

    "nanoid": ["nanoid@3.3.11", "", { "bin": { "nanoid": "bin/nanoid.cjs" } }, "sha512-N8SpfPUnUp1bK+PMYW8qSWdl9U+wwNWI4QKxOYDy9JAro3WMX7p2OeVRF9v+347pnakNevPmiHhNmZ2HbFA76w=="],

    "node-addon-api": ["node-addon-api@8.5.0", "", {}, "sha512-/bRZty2mXUIFY/xU5HLvveNHlswNJej+RnxBjOMkidWfwZzgTbPG1E3K5TOxRLOR+5hX7bSofy8yf1hZevMS8A=="],

    "node-domexception": ["node-domexception@1.0.0", "", {}, "sha512-/jKZoMpw0F8GRwl4/eLROPA3cfcXtLApP0QzLmUT/HuPCZWyB7IY9ZrMeKw2O/nFIqPQB3PVM9aYm0F312AXDQ=="],

    "node-fetch": ["node-fetch@3.3.2", "", { "dependencies": { "data-uri-to-buffer": "^4.0.0", "fetch-blob": "^3.1.4", "formdata-polyfill": "^4.0.10" } }, "sha512-dRB78srN/l6gqWulah9SrxeYnxeddIG30+GOqK/9OlLVyLg3HPnr6SqOWTWOXKRwC2eGYCkZ59NNuSgvSrpgOA=="],

    "node-gyp-build": ["node-gyp-build@4.8.4", "", { "bin": { "node-gyp-build": "bin.js", "node-gyp-build-optional": "optional.js", "node-gyp-build-test": "build-test.js" } }, "sha512-LA4ZjwlnUblHVgq0oBF3Jl/6h/Nvs5fzBLwdEF4nuxnFdsfajde4WfxtJr3CaiH+F6ewcIB/q4jQ4UzPyid+CQ=="],

    "path-key": ["path-key@3.1.1", "", {}, "sha512-ojmeN0qd+y0jszEtoY48r0Peq5dwMEkIlCOu6Q5f41lfkswXuKtYrhgoTpLnyIcHm24Uhqx+5Tqm2InSwLhE6Q=="],

    "picocolors": ["picocolors@1.1.1", "", {}, "sha512-xceH2snhtb5M9liqDsmEw56le376mTZkEX/jEb/RxNFyegNul7eNslCXP9FDj/Lcu0X8KEyMceP2ntpaHrDEVA=="],

    "picomatch": ["picomatch@4.0.3", "", {}, "sha512-5gTmgEY/sqK6gFXLIsQNH19lWb4ebPDLA4SdLP7dsWkIXHWlG66oPuVvXSGFPppYZz8ZDZq0dYYrbHfBCVUb1Q=="],

    "postcss": ["postcss@8.5.6", "", { "dependencies": { "nanoid": "^3.3.11", "picocolors": "^1.1.1", "source-map-js": "^1.2.1" } }, "sha512-3Ybi1tAuwAP9s0r1UQ2J4n5Y0G05bJkpUIO0/bI9MhwmD70S5aTWbXGBwxHrelT+XM1k6dM0pk+SwNkpTRN7Pg=="],

    "rolldown": ["rolldown@1.0.0-beta.9-commit.d91dfb5", "", { "dependencies": { "@oxc-project/runtime": "0.71.0", "@oxc-project/types": "0.71.0", "@rolldown/pluginutils": "1.0.0-beta.9-commit.d91dfb5", "ansis": "^4.0.0" }, "optionalDependencies": { "@rolldown/binding-darwin-arm64": "1.0.0-beta.9-commit.d91dfb5", "@rolldown/binding-darwin-x64": "1.0.0-beta.9-commit.d91dfb5", "@rolldown/binding-freebsd-x64": "1.0.0-beta.9-commit.d91dfb5", "@rolldown/binding-linux-arm-gnueabihf": "1.0.0-beta.9-commit.d91dfb5", "@rolldown/binding-linux-arm64-gnu": "1.0.0-beta.9-commit.d91dfb5", "@rolldown/binding-linux-arm64-musl": "1.0.0-beta.9-commit.d91dfb5", "@rolldown/binding-linux-x64-gnu": "1.0.0-beta.9-commit.d91dfb5", "@rolldown/binding-linux-x64-musl": "1.0.0-beta.9-commit.d91dfb5", "@rolldown/binding-wasm32-wasi": "1.0.0-beta.9-commit.d91dfb5", "@rolldown/binding-win32-arm64-msvc": "1.0.0-beta.9-commit.d91dfb5", "@rolldown/binding-win32-ia32-msvc": "1.0.0-beta.9-commit.d91dfb5", "@rolldown/binding-win32-x64-msvc": "1.0.0-beta.9-commit.d91dfb5" }, "bin": { "rolldown": "bin/cli.mjs" } }, "sha512-FHkj6gGEiEgmAXQchglofvUUdwj2Oiw603Rs+zgFAnn9Cb7T7z3fiaEc0DbN3ja4wYkW6sF2rzMEtC1V4BGx/g=="],

    "rollup": ["rollup@4.51.0", "", { "dependencies": { "@types/estree": "1.0.8" }, "optionalDependencies": { "@rollup/rollup-android-arm-eabi": "4.51.0", "@rollup/rollup-android-arm64": "4.51.0", "@rollup/rollup-darwin-arm64": "4.51.0", "@rollup/rollup-darwin-x64": "4.51.0", "@rollup/rollup-freebsd-arm64": "4.51.0", "@rollup/rollup-freebsd-x64": "4.51.0", "@rollup/rollup-linux-arm-gnueabihf": "4.51.0", "@rollup/rollup-linux-arm-musleabihf": "4.51.0", "@rollup/rollup-linux-arm64-gnu": "4.51.0", "@rollup/rollup-linux-arm64-musl": "4.51.0", "@rollup/rollup-linux-loong64-gnu": "4.51.0", "@rollup/rollup-linux-ppc64-gnu": "4.51.0", "@rollup/rollup-linux-riscv64-gnu": "4.51.0", "@rollup/rollup-linux-riscv64-musl": "4.51.0", "@rollup/rollup-linux-s390x-gnu": "4.51.0", "@rollup/rollup-linux-x64-gnu": "4.51.0", "@rollup/rollup-linux-x64-musl": "4.51.0", "@rollup/rollup-openharmony-arm64": "4.51.0", "@rollup/rollup-win32-arm64-msvc": "4.51.0", "@rollup/rollup-win32-ia32-msvc": "4.51.0", "@rollup/rollup-win32-x64-msvc": "4.51.0", "fsevents": "~2.3.2" }, "bin": { "rollup": "dist/bin/rollup" } }, "sha512-7cR0XWrdp/UAj2HMY/Y4QQEUjidn3l2AY1wSeZoFjMbD8aOMPoV9wgTFYbrJpPzzvejDEini1h3CiUP8wLzxQA=="],

    "sade": ["sade@1.8.1", "", { "dependencies": { "mri": "^1.1.0" } }, "sha512-xal3CZX1Xlo/k4ApwCFrHVACi9fBqJ7V+mwhBsuf/1IOKbBy098Fex+Wa/5QMubw09pSZ/u8EY8PWgevJsXp1A=="],

    "safer-buffer": ["safer-buffer@2.1.2", "", {}, "sha512-YZo3K82SD7Riyi0E1EQPojLz7kpepnSQI9IyPbHHg1XXXevb5dJI7tpyN2ADxGcQbHG7vcyRHk0cbwqcQriUtg=="],

    "sax": ["sax@1.4.1", "", {}, "sha512-+aWOz7yVScEGoKNd4PA10LZ8sk0A/z5+nXQG5giUO5rprX9jgYsTdov9qCchZiPIZezbZH+jRut8nPodFAX4Jg=="],

    "seq-queue": ["seq-queue@0.0.5", "", {}, "sha512-hr3Wtp/GZIc/6DAGPDcV4/9WoZhjrkXsi5B/07QgX8tsdc6ilr7BFM6PM6rbdAX1kFSDYeZGLipIZZKyQP0O5Q=="],

    "set-cookie-parser": ["set-cookie-parser@2.7.1", "", {}, "sha512-IOc8uWeOZgnb3ptbCURJWNjWUPcO3ZnTTdzsurqERrP6nPyv+paC55vJM0LpOlT2ne+Ix+9+CRG1MNLlyZ4GjQ=="],

    "shebang-command": ["shebang-command@2.0.0", "", { "dependencies": { "shebang-regex": "^3.0.0" } }, "sha512-kHxr2zZpYtdmrN1qDjrrX/Z1rR1kG8Dx+gkpK1G4eXmvXswmcE1hTWBWYUzlraYw1/yZp6YuDY77YtvbN0dmDA=="],

    "shebang-regex": ["shebang-regex@3.0.0", "", {}, "sha512-7++dFhtcx3353uBaq8DDR4NuxBetBzC7ZQOhmTQInHEd6bSrXdiEyzCvG07Z44UYdLShWUyXt5M/yhz8ekcb1A=="],

    "sirv": ["sirv@3.0.2", "", { "dependencies": { "@polka/url": "^1.0.0-next.24", "mrmime": "^2.0.0", "totalist": "^3.0.0" } }, "sha512-2wcC/oGxHis/BoHkkPwldgiPSYcpZK3JU28WoMVv55yHJgcZ8rlXvuG9iZggz+sU1d4bRgIGASwyWqjxu3FM0g=="],

    "source-map-js": ["source-map-js@1.2.1", "", {}, "sha512-UXWMKhLOwVKb728IUtQPXxfYU+usdybtUrK/8uGE8CQMvrhOpwvzDBwj0QhSL7MQc7vIsISBG8VQ8+IDQxpfQA=="],

    "sqlstring": ["sqlstring@2.3.3", "", {}, "sha512-qC9iz2FlN7DQl3+wjwn3802RTyjCx7sDvfQEXchwa6CWOx07/WVfh91gBmQ9fahw8snwGEWU3xGzOt4tFyHLxg=="],

    "svelte": ["svelte@5.39.2", "", { "dependencies": { "@jridgewell/remapping": "^2.3.4", "@jridgewell/sourcemap-codec": "^1.5.0", "@sveltejs/acorn-typescript": "^1.0.5", "@types/estree": "^1.0.5", "acorn": "^8.12.1", "aria-query": "^5.3.1", "axobject-query": "^4.1.0", "clsx": "^2.1.1", "esm-env": "^1.2.1", "esrap": "^2.1.0", "is-reference": "^3.0.3", "locate-character": "^3.0.0", "magic-string": "^0.30.11", "zimmerframe": "^1.1.2" } }, "sha512-x4Me4TgiNprpLugcXyKbcGQhHdjWpITZzSeegv3jjIyA4jObVKBhNchGGDv257Eeolg3vUUSa4n2HGFMYNaPvg=="],

    "svelte-adapter-bun": ["svelte-adapter-bun@1.0.0", "", { "dependencies": { "rolldown": "^1.0.0-beta.38" }, "peerDependencies": { "@sveltejs/kit": "^2.4.0", "typescript": "^5" } }, "sha512-iYxOzZBZqyIRaRYVZAkqeg9hfW9XyQPWC/PD6gcg7paofBG0JXcYd9URAhP4MeDtCYZUI3GvzTDOOMg6rDZ+fw=="],

    "svelte-kit": ["svelte-kit@1.2.0", "", {}, "sha512-RRaOHBhpDv4g2v9tcq8iNw055Pt0MlLps6JVA7/40f4KAbtztXSI4T6MZYbHRirO708urfAAMx6Qow+tQfCHug=="],

    "tinyglobby": ["tinyglobby@0.2.15", "", { "dependencies": { "fdir": "^6.5.0", "picomatch": "^4.0.3" } }, "sha512-j2Zq4NyQYG5XMST4cbs02Ak8iJUdxRM0XI5QyxXuZOzKOINmWurp3smXu3y5wDcJrptwpSjgXHzIQxR0omXljQ=="],

    "totalist": ["totalist@3.0.1", "", {}, "sha512-sf4i37nQ2LBx4m3wB74y+ubopq6W/dIzXg0FDGjsYnZHVa1Da8FH853wlL2gtUhg+xJXjfk3kUZS3BRoQeoQBQ=="],

    "tslib": ["tslib@2.8.1", "", {}, "sha512-oJFu94HQb+KVduSUQL7wnpmqnfmLsOA/nAh6b6EH0wCEoK0/mPeXU6c3wKDV83MkOuHPRHtSXKKU99IBazS/2w=="],

    "typescript": ["typescript@5.9.2", "", { "bin": { "tsc": "bin/tsc", "tsserver": "bin/tsserver" } }, "sha512-CWBzXQrc/qOkhidw1OzBTQuYRbfyxDXJMVJ1XNwUHGROVmuaeiEm3OslpZ1RV96d7SKKjZKrSJu3+t/xlw3R9A=="],

    "vite": ["vite@7.1.6", "", { "dependencies": { "esbuild": "^0.25.0", "fdir": "^6.5.0", "picomatch": "^4.0.3", "postcss": "^8.5.6", "rollup": "^4.43.0", "tinyglobby": "^0.2.15" }, "optionalDependencies": { "fsevents": "~2.3.3" }, "peerDependencies": { "@types/node": "^20.19.0 || >=22.12.0", "jiti": ">=1.21.0", "less": "^4.0.0", "lightningcss": "^1.21.0", "sass": "^1.70.0", "sass-embedded": "^1.70.0", "stylus": ">=0.54.8", "sugarss": "^5.0.0", "terser": "^5.16.0", "tsx": "^4.8.1", "yaml": "^2.4.2" }, "optionalPeers": ["@types/node", "jiti", "less", "lightningcss", "sass", "sass-embedded", "stylus", "sugarss", "terser", "tsx", "yaml"], "bin": { "vite": "bin/vite.js" } }, "sha512-SRYIB8t/isTwNn8vMB3MR6E+EQZM/WG1aKmmIUCfDXfVvKfc20ZpamngWHKzAmmu9ppsgxsg4b2I7c90JZudIQ=="],

    "vitefu": ["vitefu@1.1.1", "", { "peerDependencies": { "vite": "^3.0.0 || ^4.0.0 || ^5.0.0 || ^6.0.0 || ^7.0.0-beta.0" }, "optionalPeers": ["vite"] }, "sha512-B/Fegf3i8zh0yFbpzZ21amWzHmuNlLlmJT6n7bu5e+pCHUKQIfXSYokrqOBGEMMe9UG2sostKQF9mml/vYaWJQ=="],

    "web-streams-polyfill": ["web-streams-polyfill@3.3.3", "", {}, "sha512-d2JWLCivmZYTSIoge9MsgFCZrt571BikcWGYkjC1khllbTeDlGqZ2D8vD8E/lJa8WGWbb7Plm8/XJYV7IJHZZw=="],

    "which": ["which@2.0.2", "", { "dependencies": { "isexe": "^2.0.0" }, "bin": { "node-which": "./bin/node-which" } }, "sha512-BLI3Tl1TW3Pvl70l3yq3Y64i+awpwXqsGBYWkkqMtnbXgrMD+yj7rhW0kuEDxzJaYXGjEW5ogapKNMEKNMjibA=="],

    "xml2js": ["xml2js@0.6.2", "", { "dependencies": { "sax": ">=0.6.0", "xmlbuilder": "~11.0.0" } }, "sha512-T4rieHaC1EXcES0Kxxj4JWgaUQHDk+qwHcYOCFHfiwKz7tOVPLq7Hjq9dM1WCMhylqMEfP7hMcOIChvotiZegA=="],

    "xmlbuilder": ["xmlbuilder@11.0.1", "", {}, "sha512-fDlsI/kFEx7gLvbecc0/ohLG50fugQp8ryHzMTuW9vSa1GJ0XYWKnhsUx7oie3G98+r56aTQIUB4kht42R3JvA=="],

    "zimmerframe": ["zimmerframe@1.1.4", "", {}, "sha512-B58NGBEoc8Y9MWWCQGl/gq9xBCe4IiKM0a2x7GZdQKOW5Exr8S1W24J6OgM1njK8xCRGvAJIL/MxXHf6SkmQKQ=="],
  }
}
